
Microsoft Visual Studio Solution File, Format Version 12.00
# Visual Studio Version 16
VisualStudioVersion = 16.0.28803.452
MinimumVisualStudioVersion = 10.0.40219.1
Project("{9A19103F-16F7-4668-BE54-9A1E7A4F7556}") = "WAK_Session_01_WebApp", "WAK_Session_01_WebApp\WAK_Session_01_WebApp.csproj", "{35D20D06-DAF0-4F23-916E-D698631D35B3}"
EndProject
Project("{FAE04EC0-301F-11D3-BF4B-00C04F79EFBC}") = "WAK_Session_01_DesktopApp", "WAK_Session_01_DesktopApp\WAK_Session_01_DesktopApp.csproj", "{11930BE3-A2BA-4A90-A558-656BC21C378A}"
EndProject
Project("{9A19103F-16F7-4668-BE54-9A1E7A4F7556}") = "SeleniumTest", "SeleniumTest\SeleniumTest.csproj", "{FF175242-FF60-40F3-B9C4-594768707D32}"
EndProject
Project("{9A19103F-16F7-4668-BE54-9A1E7A4F7556}") = "AngularDemoCore2.2", "AngularDemoCore2.2\AngularDemoCore2.2.csproj", "{8BE6AC86-DB08-44EC-A286-23CCAD0B03EE}"
EndProject
Project("{9A19103F-16F7-4668-BE54-9A1E7A4F7556}") = "DataAccess", "DataAccess\DataAccess.csproj", "{AE789BAF-6FB1-4D9D-829A-3191E7A56D4F}"
EndProject
Project("{9A19103F-16F7-4668-BE54-9A1E7A4F7556}") = "Service", "Service\Service.csproj", "{BB68F5B0-DCA3-4D0A-B527-D7CE29C8CB18}"
EndProject
Project("{9A19103F-16F7-4668-BE54-9A1E7A4F7556}") = "Service.UnitTests", "Service.UnitTests\Service.UnitTests.csproj", "{1658956B-1099-4E51-9A4E-C4A512E03A1F}"
EndProject
Project("{FAE04EC0-301F-11D3-BF4B-00C04F79EFBC}") = "IntegrationTests", "IntegrationTests\IntegrationTests.csproj", "{A81308BE-49A8-4B09-B62E-B155DBEC9C8E}"
EndProject
Global
	GlobalSection(SolutionConfigurationPlatforms) = preSolution
		Debug|Any CPU = Debug|Any CPU
		Release|Any CPU = Release|Any CPU
	EndGlobalSection
	GlobalSection(ProjectConfigurationPlatforms) = postSolution
		{35D20D06-DAF0-4F23-916E-D698631D35B3}.Debug|Any CPU.ActiveCfg = Debug|Any CPU
		{35D20D06-DAF0-4F23-916E-D698631D35B3}.Debug|Any CPU.Build.0 = Debug|Any CPU
		{35D20D06-DAF0-4F23-916E-D698631D35B3}.Release|Any CPU.ActiveCfg = Release|Any CPU
		{11930BE3-A2BA-4A90-A558-656BC21C378A}.Debug|Any CPU.ActiveCfg = Debug|Any CPU
		{11930BE3-A2BA-4A90-A558-656BC21C378A}.Debug|Any CPU.Build.0 = Debug|Any CPU
		{11930BE3-A2BA-4A90-A558-656BC21C378A}.Release|Any CPU.ActiveCfg = Release|Any CPU
		{FF175242-FF60-40F3-B9C4-594768707D32}.Debug|Any CPU.ActiveCfg = Debug|Any CPU
		{FF175242-FF60-40F3-B9C4-594768707D32}.Debug|Any CPU.Build.0 = Debug|Any CPU
		{FF175242-FF60-40F3-B9C4-594768707D32}.Release|Any CPU.ActiveCfg = Release|Any CPU
		{FF175242-FF60-40F3-B9C4-594768707D32}.Release|Any CPU.Build.0 = Release|Any CPU
		{8BE6AC86-DB08-44EC-A286-23CCAD0B03EE}.Debug|Any CPU.ActiveCfg = Debug|Any CPU
		{8BE6AC86-DB08-44EC-A286-23CCAD0B03EE}.Debug|Any CPU.Build.0 = Debug|Any CPU
		{8BE6AC86-DB08-44EC-A286-23CCAD0B03EE}.Release|Any CPU.ActiveCfg = Release|Any CPU
		{8BE6AC86-DB08-44EC-A286-23CCAD0B03EE}.Release|Any CPU.Build.0 = Release|Any CPU
		{AE789BAF-6FB1-4D9D-829A-3191E7A56D4F}.Debug|Any CPU.ActiveCfg = Debug|Any CPU
		{AE789BAF-6FB1-4D9D-829A-3191E7A56D4F}.Debug|Any CPU.Build.0 = Debug|Any CPU
		{AE789BAF-6FB1-4D9D-829A-3191E7A56D4F}.Release|Any CPU.ActiveCfg = Release|Any CPU
		{AE789BAF-6FB1-4D9D-829A-3191E7A56D4F}.Release|Any CPU.Build.0 = Release|Any CPU
		{BB68F5B0-DCA3-4D0A-B527-D7CE29C8CB18}.Debug|Any CPU.ActiveCfg = Debug|Any CPU
		{BB68F5B0-DCA3-4D0A-B527-D7CE29C8CB18}.Debug|Any CPU.Build.0 = Debug|Any CPU
		{BB68F5B0-DCA3-4D0A-B527-D7CE29C8CB18}.Release|Any CPU.ActiveCfg = Release|Any CPU
		{BB68F5B0-DCA3-4D0A-B527-D7CE29C8CB18}.Release|Any CPU.Build.0 = Release|Any CPU
		{1658956B-1099-4E51-9A4E-C4A512E03A1F}.Debug|Any CPU.ActiveCfg = Debug|Any CPU
		{1658956B-1099-4E51-9A4E-C4A512E03A1F}.Debug|Any CPU.Build.0 = Debug|Any CPU
		{1658956B-1099-4E51-9A4E-C4A512E03A1F}.Release|Any CPU.ActiveCfg = Release|Any CPU
		{1658956B-1099-4E51-9A4E-C4A512E03A1F}.Release|Any CPU.Build.0 = Release|Any CPU
		{A81308BE-49A8-4B09-B62E-B155DBEC9C8E}.Debug|Any CPU.ActiveCfg = Debug|Any CPU
		{A81308BE-49A8-4B09-B62E-B155DBEC9C8E}.Debug|Any CPU.Build.0 = Debug|Any CPU
		{A81308BE-49A8-4B09-B62E-B155DBEC9C8E}.Release|Any CPU.ActiveCfg = Release|Any CPU
		{A81308BE-49A8-4B09-B62E-B155DBEC9C8E}.Release|Any CPU.Build.0 = Release|Any CPU
	EndGlobalSection
	GlobalSection(SolutionProperties) = preSolution
		HideSolutionNode = FALSE
	EndGlobalSection
	GlobalSection(ExtensibilityGlobals) = postSolution
		SolutionGuid = {55B6C511-FDE6-400E-A298-DB6C87D9BA42}
	EndGlobalSection
EndGlobal
